
Microsoft Visual Studio Solution File, Format Version 12.00
# Visual Studio Version 17
VisualStudioVersion = 17.0.31912.275
MinimumVisualStudioVersion = 10.0.40219.1
Project("{FAE04EC0-301F-11D3-BF4B-00C04F79EFBC}") = "CalculoSalario", "ConsoleApp1\CalculoSalario.csproj", "{C539752F-D5B4-4140-AFFE-6D076B7F2A33}"
EndProject
Project("{FAE04EC0-301F-11D3-BF4B-00C04F79EFBC}") = "CalcularEdadPersona", "CalcularEdadPersona\CalcularEdadPersona.csproj", "{239EC429-631F-4276-B971-14CD9B6F26A3}"
EndProject
Project("{FAE04EC0-301F-11D3-BF4B-00C04F79EFBC}") = "EncontrarProblemaCritico", "EncontrarProblemaCritico\EncontrarProblemaCritico.csproj", "{B91D6D5F-3D5B-44DC-9FA0-6782243C883A}"
EndProject
Project("{FAE04EC0-301F-11D3-BF4B-00C04F79EFBC}") = "EncontrarFamiliaridad", "EncontrarFamiliaridad\EncontrarFamiliaridad.csproj", "{E472648C-E66D-4B3F-A4FB-CAB0CBEA0DD5}"
EndProject
Project("{FAE04EC0-301F-11D3-BF4B-00C04F79EFBC}") = "Accesibilidades", "Accesibilidades\Accesibilidades.csproj", "{091037D0-6607-4097-81C0-6F5B7C81481D}"
EndProject
Project("{FAE04EC0-301F-11D3-BF4B-00C04F79EFBC}") = "AccesibilidadVecino", "AccesibilidadVecino\AccesibilidadVecino.csproj", "{478A4898-BA11-4C51-8270-525B3BEB11A6}"
EndProject
Project("{FAE04EC0-301F-11D3-BF4B-00C04F79EFBC}") = "Referencias", "Referencias\Referencias.csproj", "{C19188E3-BA7A-44B8-946A-1A99E5030E2C}"
EndProject
Project("{FAE04EC0-301F-11D3-BF4B-00C04F79EFBC}") = "CarroFuncionando", "CarroFuncionando\CarroFuncionando.csproj", "{5D8658F8-F17D-4B34-93C9-4357C6B68565}"
EndProject
Project("{FAE04EC0-301F-11D3-BF4B-00C04F79EFBC}") = "CreacionDeMetodoYVariables", "CreacionDeMetodoYVariables\CreacionDeMetodoYVariables.csproj", "{CA824C72-A12A-4C15-A1D0-9CE7E0C98945}"
EndProject
Project("{FAE04EC0-301F-11D3-BF4B-00C04F79EFBC}") = "Traductor", "Traductor\Traductor.csproj", "{DACE6156-04E8-4A46-8980-91791997B2B6}"
EndProject
Project("{FAE04EC0-301F-11D3-BF4B-00C04F79EFBC}") = "Metodos1", "Metodos1\Metodos1.csproj", "{5F72A223-62CA-47C1-928D-55BC009093E9}"
EndProject
Project("{FAE04EC0-301F-11D3-BF4B-00C04F79EFBC}") = "Metodos2", "Metodos2\Metodos2.csproj", "{A321AF7F-4F3E-4C21-B705-3C3D06C90EBE}"
EndProject
Project("{FAE04EC0-301F-11D3-BF4B-00C04F79EFBC}") = "Metodos3", "Metodos3\Metodos3.csproj", "{D3C9B639-7E69-4563-9F29-F5F22843FF6D}"
EndProject
Project("{FAE04EC0-301F-11D3-BF4B-00C04F79EFBC}") = "Metodos4", "Metodos4\Metodos4.csproj", "{545F3DCB-97F7-4112-BC89-F3BCADD53771}"
EndProject
Project("{FAE04EC0-301F-11D3-BF4B-00C04F79EFBC}") = "Metodos2.1", "Metodos2.1\Metodos2.1.csproj", "{649B89E5-5875-44B8-9649-BC3B71EC7661}"
EndProject
Project("{FAE04EC0-301F-11D3-BF4B-00C04F79EFBC}") = "Metodo2.2", "Metodo2.2\Metodo2.2.csproj", "{B7DD710C-7B39-4397-BA89-76323C3F4590}"
EndProject
Project("{FAE04EC0-301F-11D3-BF4B-00C04F79EFBC}") = "Metodos2.3", "Metodos2.3\Metodos2.3.csproj", "{24B5F9C7-5A96-44FC-9D20-E9F022A3F2DB}"
EndProject
Project("{FAE04EC0-301F-11D3-BF4B-00C04F79EFBC}") = "Metodos2.4", "Metodos2.4\Metodos2.4.csproj", "{5BA90DD9-F6FC-4DA8-9B60-505D6C4C1462}"
EndProject
Project("{FAE04EC0-301F-11D3-BF4B-00C04F79EFBC}") = "EjercicioFinalMetodos", "EjercicioFinalMetodos\EjercicioFinalMetodos.csproj", "{E4947657-C7E7-4022-94AE-5B73043CA60F}"
EndProject
Global
	GlobalSection(SolutionConfigurationPlatforms) = preSolution
		Debug|Any CPU = Debug|Any CPU
		Release|Any CPU = Release|Any CPU
	EndGlobalSection
	GlobalSection(ProjectConfigurationPlatforms) = postSolution
		{C539752F-D5B4-4140-AFFE-6D076B7F2A33}.Debug|Any CPU.ActiveCfg = Debug|Any CPU
		{C539752F-D5B4-4140-AFFE-6D076B7F2A33}.Debug|Any CPU.Build.0 = Debug|Any CPU
		{C539752F-D5B4-4140-AFFE-6D076B7F2A33}.Release|Any CPU.ActiveCfg = Release|Any CPU
		{C539752F-D5B4-4140-AFFE-6D076B7F2A33}.Release|Any CPU.Build.0 = Release|Any CPU
		{239EC429-631F-4276-B971-14CD9B6F26A3}.Debug|Any CPU.ActiveCfg = Debug|Any CPU
		{239EC429-631F-4276-B971-14CD9B6F26A3}.Debug|Any CPU.Build.0 = Debug|Any CPU
		{239EC429-631F-4276-B971-14CD9B6F26A3}.Release|Any CPU.ActiveCfg = Release|Any CPU
		{239EC429-631F-4276-B971-14CD9B6F26A3}.Release|Any CPU.Build.0 = Release|Any CPU
		{B91D6D5F-3D5B-44DC-9FA0-6782243C883A}.Debug|Any CPU.ActiveCfg = Debug|Any CPU
		{B91D6D5F-3D5B-44DC-9FA0-6782243C883A}.Debug|Any CPU.Build.0 = Debug|Any CPU
		{B91D6D5F-3D5B-44DC-9FA0-6782243C883A}.Release|Any CPU.ActiveCfg = Release|Any CPU
		{B91D6D5F-3D5B-44DC-9FA0-6782243C883A}.Release|Any CPU.Build.0 = Release|Any CPU
		{E472648C-E66D-4B3F-A4FB-CAB0CBEA0DD5}.Debug|Any CPU.ActiveCfg = Debug|Any CPU
		{E472648C-E66D-4B3F-A4FB-CAB0CBEA0DD5}.Debug|Any CPU.Build.0 = Debug|Any CPU
		{E472648C-E66D-4B3F-A4FB-CAB0CBEA0DD5}.Release|Any CPU.ActiveCfg = Release|Any CPU
		{E472648C-E66D-4B3F-A4FB-CAB0CBEA0DD5}.Release|Any CPU.Build.0 = Release|Any CPU
		{091037D0-6607-4097-81C0-6F5B7C81481D}.Debug|Any CPU.ActiveCfg = Debug|Any CPU
		{091037D0-6607-4097-81C0-6F5B7C81481D}.Debug|Any CPU.Build.0 = Debug|Any CPU
		{091037D0-6607-4097-81C0-6F5B7C81481D}.Release|Any CPU.ActiveCfg = Release|Any CPU
		{091037D0-6607-4097-81C0-6F5B7C81481D}.Release|Any CPU.Build.0 = Release|Any CPU
		{478A4898-BA11-4C51-8270-525B3BEB11A6}.Debug|Any CPU.ActiveCfg = Debug|Any CPU
		{478A4898-BA11-4C51-8270-525B3BEB11A6}.Debug|Any CPU.Build.0 = Debug|Any CPU
		{478A4898-BA11-4C51-8270-525B3BEB11A6}.Release|Any CPU.ActiveCfg = Release|Any CPU
		{478A4898-BA11-4C51-8270-525B3BEB11A6}.Release|Any CPU.Build.0 = Release|Any CPU
		{C19188E3-BA7A-44B8-946A-1A99E5030E2C}.Debug|Any CPU.ActiveCfg = Debug|Any CPU
		{C19188E3-BA7A-44B8-946A-1A99E5030E2C}.Debug|Any CPU.Build.0 = Debug|Any CPU
		{C19188E3-BA7A-44B8-946A-1A99E5030E2C}.Release|Any CPU.ActiveCfg = Release|Any CPU
		{C19188E3-BA7A-44B8-946A-1A99E5030E2C}.Release|Any CPU.Build.0 = Release|Any CPU
		{5D8658F8-F17D-4B34-93C9-4357C6B68565}.Debug|Any CPU.ActiveCfg = Debug|Any CPU
		{5D8658F8-F17D-4B34-93C9-4357C6B68565}.Debug|Any CPU.Build.0 = Debug|Any CPU
		{5D8658F8-F17D-4B34-93C9-4357C6B68565}.Release|Any CPU.ActiveCfg = Release|Any CPU
		{5D8658F8-F17D-4B34-93C9-4357C6B68565}.Release|Any CPU.Build.0 = Release|Any CPU
		{CA824C72-A12A-4C15-A1D0-9CE7E0C98945}.Debug|Any CPU.ActiveCfg = Debug|Any CPU
		{CA824C72-A12A-4C15-A1D0-9CE7E0C98945}.Debug|Any CPU.Build.0 = Debug|Any CPU
		{CA824C72-A12A-4C15-A1D0-9CE7E0C98945}.Release|Any CPU.ActiveCfg = Release|Any CPU
		{CA824C72-A12A-4C15-A1D0-9CE7E0C98945}.Release|Any CPU.Build.0 = Release|Any CPU
		{DACE6156-04E8-4A46-8980-91791997B2B6}.Debug|Any CPU.ActiveCfg = Debug|Any CPU
		{DACE6156-04E8-4A46-8980-91791997B2B6}.Debug|Any CPU.Build.0 = Debug|Any CPU
		{DACE6156-04E8-4A46-8980-91791997B2B6}.Release|Any CPU.ActiveCfg = Release|Any CPU
		{DACE6156-04E8-4A46-8980-91791997B2B6}.Release|Any CPU.Build.0 = Release|Any CPU
		{5F72A223-62CA-47C1-928D-55BC009093E9}.Debug|Any CPU.ActiveCfg = Debug|Any CPU
		{5F72A223-62CA-47C1-928D-55BC009093E9}.Debug|Any CPU.Build.0 = Debug|Any CPU
		{5F72A223-62CA-47C1-928D-55BC009093E9}.Release|Any CPU.ActiveCfg = Release|Any CPU
		{5F72A223-62CA-47C1-928D-55BC009093E9}.Release|Any CPU.Build.0 = Release|Any CPU
		{A321AF7F-4F3E-4C21-B705-3C3D06C90EBE}.Debug|Any CPU.ActiveCfg = Debug|Any CPU
		{A321AF7F-4F3E-4C21-B705-3C3D06C90EBE}.Debug|Any CPU.Build.0 = Debug|Any CPU
		{A321AF7F-4F3E-4C21-B705-3C3D06C90EBE}.Release|Any CPU.ActiveCfg = Release|Any CPU
		{A321AF7F-4F3E-4C21-B705-3C3D06C90EBE}.Release|Any CPU.Build.0 = Release|Any CPU
		{D3C9B639-7E69-4563-9F29-F5F22843FF6D}.Debug|Any CPU.ActiveCfg = Debug|Any CPU
		{D3C9B639-7E69-4563-9F29-F5F22843FF6D}.Debug|Any CPU.Build.0 = Debug|Any CPU
		{D3C9B639-7E69-4563-9F29-F5F22843FF6D}.Release|Any CPU.ActiveCfg = Release|Any CPU
		{D3C9B639-7E69-4563-9F29-F5F22843FF6D}.Release|Any CPU.Build.0 = Release|Any CPU
		{545F3DCB-97F7-4112-BC89-F3BCADD53771}.Debug|Any CPU.ActiveCfg = Debug|Any CPU
		{545F3DCB-97F7-4112-BC89-F3BCADD53771}.Debug|Any CPU.Build.0 = Debug|Any CPU
		{545F3DCB-97F7-4112-BC89-F3BCADD53771}.Release|Any CPU.ActiveCfg = Release|Any CPU
		{545F3DCB-97F7-4112-BC89-F3BCADD53771}.Release|Any CPU.Build.0 = Release|Any CPU
		{649B89E5-5875-44B8-9649-BC3B71EC7661}.Debug|Any CPU.ActiveCfg = Debug|Any CPU
		{649B89E5-5875-44B8-9649-BC3B71EC7661}.Debug|Any CPU.Build.0 = Debug|Any CPU
		{649B89E5-5875-44B8-9649-BC3B71EC7661}.Release|Any CPU.ActiveCfg = Release|Any CPU
		{649B89E5-5875-44B8-9649-BC3B71EC7661}.Release|Any CPU.Build.0 = Release|Any CPU
		{B7DD710C-7B39-4397-BA89-76323C3F4590}.Debug|Any CPU.ActiveCfg = Debug|Any CPU
		{B7DD710C-7B39-4397-BA89-76323C3F4590}.Debug|Any CPU.Build.0 = Debug|Any CPU
		{B7DD710C-7B39-4397-BA89-76323C3F4590}.Release|Any CPU.ActiveCfg = Release|Any CPU
		{B7DD710C-7B39-4397-BA89-76323C3F4590}.Release|Any CPU.Build.0 = Release|Any CPU
		{24B5F9C7-5A96-44FC-9D20-E9F022A3F2DB}.Debug|Any CPU.ActiveCfg = Debug|Any CPU
		{24B5F9C7-5A96-44FC-9D20-E9F022A3F2DB}.Debug|Any CPU.Build.0 = Debug|Any CPU
		{24B5F9C7-5A96-44FC-9D20-E9F022A3F2DB}.Release|Any CPU.ActiveCfg = Release|Any CPU
		{24B5F9C7-5A96-44FC-9D20-E9F022A3F2DB}.Release|Any CPU.Build.0 = Release|Any CPU
		{5BA90DD9-F6FC-4DA8-9B60-505D6C4C1462}.Debug|Any CPU.ActiveCfg = Debug|Any CPU
		{5BA90DD9-F6FC-4DA8-9B60-505D6C4C1462}.Debug|Any CPU.Build.0 = Debug|Any CPU
		{5BA90DD9-F6FC-4DA8-9B60-505D6C4C1462}.Release|Any CPU.ActiveCfg = Release|Any CPU
		{5BA90DD9-F6FC-4DA8-9B60-505D6C4C1462}.Release|Any CPU.Build.0 = Release|Any CPU
		{E4947657-C7E7-4022-94AE-5B73043CA60F}.Debug|Any CPU.ActiveCfg = Debug|Any CPU
		{E4947657-C7E7-4022-94AE-5B73043CA60F}.Debug|Any CPU.Build.0 = Debug|Any CPU
		{E4947657-C7E7-4022-94AE-5B73043CA60F}.Release|Any CPU.ActiveCfg = Release|Any CPU
		{E4947657-C7E7-4022-94AE-5B73043CA60F}.Release|Any CPU.Build.0 = Release|Any CPU
	EndGlobalSection
	GlobalSection(SolutionProperties) = preSolution
		HideSolutionNode = FALSE
	EndGlobalSection
	GlobalSection(ExtensibilityGlobals) = postSolution
		SolutionGuid = {5F8DC64A-5CA7-4FD8-BC24-177C302DC117}
	EndGlobalSection
EndGlobal
