
Microsoft Visual Studio Solution File, Format Version 12.00
# Visual Studio Version 17
VisualStudioVersion = 17.0.31912.275
MinimumVisualStudioVersion = 10.0.40219.1
Project("{FAE04EC0-301F-11D3-BF4B-00C04F79EFBC}") = "CalculoSalario", "ConsoleApp1\CalculoSalario.csproj", "{C539752F-D5B4-4140-AFFE-6D076B7F2A33}"
EndProject
Project("{FAE04EC0-301F-11D3-BF4B-00C04F79EFBC}") = "CalcularEdadPersona", "CalcularEdadPersona\CalcularEdadPersona.csproj", "{239EC429-631F-4276-B971-14CD9B6F26A3}"
EndProject
Project("{FAE04EC0-301F-11D3-BF4B-00C04F79EFBC}") = "EncontrarProblemaCritico", "EncontrarProblemaCritico\EncontrarProblemaCritico.csproj", "{B91D6D5F-3D5B-44DC-9FA0-6782243C883A}"
EndProject
Project("{FAE04EC0-301F-11D3-BF4B-00C04F79EFBC}") = "EncontrarFamiliaridad", "EncontrarFamiliaridad\EncontrarFamiliaridad.csproj", "{E472648C-E66D-4B3F-A4FB-CAB0CBEA0DD5}"
EndProject
Global
	GlobalSection(SolutionConfigurationPlatforms) = preSolution
		Debug|Any CPU = Debug|Any CPU
		Release|Any CPU = Release|Any CPU
	EndGlobalSection
	GlobalSection(ProjectConfigurationPlatforms) = postSolution
		{C539752F-D5B4-4140-AFFE-6D076B7F2A33}.Debug|Any CPU.ActiveCfg = Debug|Any CPU
		{C539752F-D5B4-4140-AFFE-6D076B7F2A33}.Debug|Any CPU.Build.0 = Debug|Any CPU
		{C539752F-D5B4-4140-AFFE-6D076B7F2A33}.Release|Any CPU.ActiveCfg = Release|Any CPU
		{C539752F-D5B4-4140-AFFE-6D076B7F2A33}.Release|Any CPU.Build.0 = Release|Any CPU
		{239EC429-631F-4276-B971-14CD9B6F26A3}.Debug|Any CPU.ActiveCfg = Debug|Any CPU
		{239EC429-631F-4276-B971-14CD9B6F26A3}.Debug|Any CPU.Build.0 = Debug|Any CPU
		{239EC429-631F-4276-B971-14CD9B6F26A3}.Release|Any CPU.ActiveCfg = Release|Any CPU
		{239EC429-631F-4276-B971-14CD9B6F26A3}.Release|Any CPU.Build.0 = Release|Any CPU
		{B91D6D5F-3D5B-44DC-9FA0-6782243C883A}.Debug|Any CPU.ActiveCfg = Debug|Any CPU
		{B91D6D5F-3D5B-44DC-9FA0-6782243C883A}.Debug|Any CPU.Build.0 = Debug|Any CPU
		{B91D6D5F-3D5B-44DC-9FA0-6782243C883A}.Release|Any CPU.ActiveCfg = Release|Any CPU
		{B91D6D5F-3D5B-44DC-9FA0-6782243C883A}.Release|Any CPU.Build.0 = Release|Any CPU
		{E472648C-E66D-4B3F-A4FB-CAB0CBEA0DD5}.Debug|Any CPU.ActiveCfg = Debug|Any CPU
		{E472648C-E66D-4B3F-A4FB-CAB0CBEA0DD5}.Debug|Any CPU.Build.0 = Debug|Any CPU
		{E472648C-E66D-4B3F-A4FB-CAB0CBEA0DD5}.Release|Any CPU.ActiveCfg = Release|Any CPU
		{E472648C-E66D-4B3F-A4FB-CAB0CBEA0DD5}.Release|Any CPU.Build.0 = Release|Any CPU
	EndGlobalSection
	GlobalSection(SolutionProperties) = preSolution
		HideSolutionNode = FALSE
	EndGlobalSection
	GlobalSection(ExtensibilityGlobals) = postSolution
		SolutionGuid = {5F8DC64A-5CA7-4FD8-BC24-177C302DC117}
	EndGlobalSection
EndGlobal
